// !$*UTF8*$!
{
	archiveVersion = 1;
	classes = {
	};
	objectVersion = 60;
	objects = {

/* Begin PBXBuildFile section */
		7900969C2C0C737D007D2573 /* InfoPlist.xcstrings in Resources */ = {isa = PBXBuildFile; fileRef = 7900969B2C0C737D007D2573 /* InfoPlist.xcstrings */; };
		7900969E2C0C7424007D2573 /* BundleExt.swift in Sources */ = {isa = PBXBuildFile; fileRef = 7900969D2C0C7424007D2573 /* BundleExt.swift */; };
		79013EB62AF767FE00F85D99 /* Minimal.swift in Sources */ = {isa = PBXBuildFile; fileRef = 79013EB52AF767FE00F85D99 /* Minimal.swift */; };
		79013EB82AF76AFE00F85D99 /* font_SourceHanSerifSC-Bold.otf in Resources */ = {isa = PBXBuildFile; fileRef = 79013EB72AF76AFE00F85D99 /* font_SourceHanSerifSC-Bold.otf */; };
		792858B12C25E59B0017D102 /* ExcerptView.swift in Sources */ = {isa = PBXBuildFile; fileRef = 792858B02C25E59B0017D102 /* ExcerptView.swift */; };
		792858B32C25E5ED0017D102 /* AnimationExt.swift in Sources */ = {isa = PBXBuildFile; fileRef = 792858B22C25E5ED0017D102 /* AnimationExt.swift */; };
		792858B52C26C18E0017D102 /* HistoryRow.swift in Sources */ = {isa = PBXBuildFile; fileRef = 792858B42C26C18E0017D102 /* HistoryRow.swift */; };
		792858B72C287D630017D102 /* StringExt.swift in Sources */ = {isa = PBXBuildFile; fileRef = 792858B62C287D630017D102 /* StringExt.swift */; };
		794569A52AACB3860095DCBA /* App.swift in Sources */ = {isa = PBXBuildFile; fileRef = 794569A42AACB3860095DCBA /* App.swift */; };
		794569A92AACB3870095DCBA /* Assets.xcassets in Resources */ = {isa = PBXBuildFile; fileRef = 794569A82AACB3870095DCBA /* Assets.xcassets */; };
		794569AC2AACB3870095DCBA /* Preview Assets.xcassets in Resources */ = {isa = PBXBuildFile; fileRef = 794569AB2AACB3870095DCBA /* Preview Assets.xcassets */; };
		794A86302AAE1C2F00CE8969 /* Excerpt.swift in Sources */ = {isa = PBXBuildFile; fileRef = 794A862F2AAE1C2F00CE8969 /* Excerpt.swift */; };
		794A86342AAE2D8B00CE8969 /* font_SourceHanSerifSC-Regular.otf in Resources */ = {isa = PBXBuildFile; fileRef = 794A86332AAE2D8B00CE8969 /* font_SourceHanSerifSC-Regular.otf */; };
		794A86372AAF4B7E00CE8969 /* MainView.swift in Sources */ = {isa = PBXBuildFile; fileRef = 794A86362AAF4B7E00CE8969 /* MainView.swift */; };
		79729BBD2AB6D7B000B318F9 /* DemoExcerpts.swift in Sources */ = {isa = PBXBuildFile; fileRef = 79729BBC2AB6D7B000B318F9 /* DemoExcerpts.swift */; };
		7988C2D22AB1F9EC00F20252 /* PasteSheetView.swift in Sources */ = {isa = PBXBuildFile; fileRef = 7988C2D12AB1F9EC00F20252 /* PasteSheetView.swift */; };
		7988C2D42AB1FB0100F20252 /* ShareView.swift in Sources */ = {isa = PBXBuildFile; fileRef = 7988C2D32AB1FB0100F20252 /* ShareView.swift */; };
		7988C2D62AB2108F00F20252 /* ColorExt.swift in Sources */ = {isa = PBXBuildFile; fileRef = 7988C2D52AB2108F00F20252 /* ColorExt.swift */; };
		798C1AB12AB577D100D8BF39 /* Classic.swift in Sources */ = {isa = PBXBuildFile; fileRef = 798C1AB02AB577D100D8BF39 /* Classic.swift */; };
		798C1AB42AB5781D00D8BF39 /* Math.swift in Sources */ = {isa = PBXBuildFile; fileRef = 798C1AB32AB5781D00D8BF39 /* Math.swift */; };
		7993A3C92AB1ACEF0050EAB3 /* Localizable.xcstrings in Resources */ = {isa = PBXBuildFile; fileRef = 7993A3C82AB1ACEF0050EAB3 /* Localizable.xcstrings */; };
		79AD1E1A2C2490D6009AA05D /* MockData.swift in Sources */ = {isa = PBXBuildFile; fileRef = 79AD1E192C2490D6009AA05D /* MockData.swift */; };
		79AD1E1C2C249281009AA05D /* HistoryView.swift in Sources */ = {isa = PBXBuildFile; fileRef = 79AD1E1B2C249281009AA05D /* HistoryView.swift */; };
		79ADB5AD2AB9FADF00A39AC0 /* UserDefaultsKeys.swift in Sources */ = {isa = PBXBuildFile; fileRef = 79ADB5AC2AB9FADF00A39AC0 /* UserDefaultsKeys.swift */; };
		79ADB5B12ABA058300A39AC0 /* Card.swift in Sources */ = {isa = PBXBuildFile; fileRef = 79ADB5B02ABA058300A39AC0 /* Card.swift */; };
		79B8387A2ABDCE4400FAFEFA /* Bold.swift in Sources */ = {isa = PBXBuildFile; fileRef = 79B838792ABDCE4400FAFEFA /* Bold.swift */; };
		79D5AB092ABB1C410023305B /* PasteParser.swift in Sources */ = {isa = PBXBuildFile; fileRef = 79D5AB082ABB1C410023305B /* PasteParser.swift */; };
		79D5AB0B2ABB1D910023305B /* AppleBooksPasteParser.swift in Sources */ = {isa = PBXBuildFile; fileRef = 79D5AB0A2ABB1D910023305B /* AppleBooksPasteParser.swift */; };
		79D5AB0D2ABB1EE90023305B /* PasteSource.swift in Sources */ = {isa = PBXBuildFile; fileRef = 79D5AB0C2ABB1EE90023305B /* PasteSource.swift */; };
		79D5AB0F2ABB20110023305B /* CardFont.swift in Sources */ = {isa = PBXBuildFile; fileRef = 79D5AB0E2ABB20110023305B /* CardFont.swift */; };
		79D5AB112ABB20B60023305B /* CardStyle.swift in Sources */ = {isa = PBXBuildFile; fileRef = 79D5AB102ABB20B60023305B /* CardStyle.swift */; };
/* End PBXBuildFile section */

/* Begin PBXFileReference section */
		7900969B2C0C737D007D2573 /* InfoPlist.xcstrings */ = {isa = PBXFileReference; fileEncoding = 4; lastKnownFileType = text.json.xcstrings; path = InfoPlist.xcstrings; sourceTree = "<group>"; };
		7900969D2C0C7424007D2573 /* BundleExt.swift */ = {isa = PBXFileReference; lastKnownFileType = sourcecode.swift; path = BundleExt.swift; sourceTree = "<group>"; };
		79013EB52AF767FE00F85D99 /* Minimal.swift */ = {isa = PBXFileReference; lastKnownFileType = sourcecode.swift; path = Minimal.swift; sourceTree = "<group>"; };
		79013EB72AF76AFE00F85D99 /* font_SourceHanSerifSC-Bold.otf */ = {isa = PBXFileReference; lastKnownFileType = file; path = "font_SourceHanSerifSC-Bold.otf"; sourceTree = "<group>"; };
		79137B1E2C2487360083823E /* excerpts.entitlements */ = {isa = PBXFileReference; lastKnownFileType = text.plist.entitlements; path = excerpts.entitlements; sourceTree = "<group>"; };
		792858B02C25E59B0017D102 /* ExcerptView.swift */ = {isa = PBXFileReference; lastKnownFileType = sourcecode.swift; path = ExcerptView.swift; sourceTree = "<group>"; };
		792858B22C25E5ED0017D102 /* AnimationExt.swift */ = {isa = PBXFileReference; lastKnownFileType = sourcecode.swift; path = AnimationExt.swift; sourceTree = "<group>"; };
		792858B42C26C18E0017D102 /* HistoryRow.swift */ = {isa = PBXFileReference; lastKnownFileType = sourcecode.swift; path = HistoryRow.swift; sourceTree = "<group>"; };
		792858B62C287D630017D102 /* StringExt.swift */ = {isa = PBXFileReference; lastKnownFileType = sourcecode.swift; path = StringExt.swift; sourceTree = "<group>"; };
		794569A12AACB3860095DCBA /* excerpts.app */ = {isa = PBXFileReference; explicitFileType = wrapper.application; includeInIndex = 0; path = excerpts.app; sourceTree = BUILT_PRODUCTS_DIR; };
		794569A42AACB3860095DCBA /* App.swift */ = {isa = PBXFileReference; lastKnownFileType = sourcecode.swift; path = App.swift; sourceTree = "<group>"; };
		794569A82AACB3870095DCBA /* Assets.xcassets */ = {isa = PBXFileReference; lastKnownFileType = folder.assetcatalog; path = Assets.xcassets; sourceTree = "<group>"; };
		794569AB2AACB3870095DCBA /* Preview Assets.xcassets */ = {isa = PBXFileReference; lastKnownFileType = folder.assetcatalog; path = "Preview Assets.xcassets"; sourceTree = "<group>"; };
		794A862F2AAE1C2F00CE8969 /* Excerpt.swift */ = {isa = PBXFileReference; lastKnownFileType = sourcecode.swift; path = Excerpt.swift; sourceTree = "<group>"; };
		794A86332AAE2D8B00CE8969 /* font_SourceHanSerifSC-Regular.otf */ = {isa = PBXFileReference; lastKnownFileType = file; path = "font_SourceHanSerifSC-Regular.otf"; sourceTree = "<group>"; };
		794A86352AAE2DEC00CE8969 /* Info.plist */ = {isa = PBXFileReference; lastKnownFileType = text.plist; path = Info.plist; sourceTree = "<group>"; };
		794A86362AAF4B7E00CE8969 /* MainView.swift */ = {isa = PBXFileReference; lastKnownFileType = sourcecode.swift; path = MainView.swift; sourceTree = "<group>"; };
		79729BBC2AB6D7B000B318F9 /* DemoExcerpts.swift */ = {isa = PBXFileReference; lastKnownFileType = sourcecode.swift; path = DemoExcerpts.swift; sourceTree = "<group>"; };
		7988C2D12AB1F9EC00F20252 /* PasteSheetView.swift */ = {isa = PBXFileReference; lastKnownFileType = sourcecode.swift; path = PasteSheetView.swift; sourceTree = "<group>"; };
		7988C2D32AB1FB0100F20252 /* ShareView.swift */ = {isa = PBXFileReference; lastKnownFileType = sourcecode.swift; path = ShareView.swift; sourceTree = "<group>"; };
		7988C2D52AB2108F00F20252 /* ColorExt.swift */ = {isa = PBXFileReference; lastKnownFileType = sourcecode.swift; path = ColorExt.swift; sourceTree = "<group>"; };
		798C1AB02AB577D100D8BF39 /* Classic.swift */ = {isa = PBXFileReference; lastKnownFileType = sourcecode.swift; path = Classic.swift; sourceTree = "<group>"; };
		798C1AB32AB5781D00D8BF39 /* Math.swift */ = {isa = PBXFileReference; lastKnownFileType = sourcecode.swift; path = Math.swift; sourceTree = "<group>"; };
		7993A3C82AB1ACEF0050EAB3 /* Localizable.xcstrings */ = {isa = PBXFileReference; lastKnownFileType = text.json.xcstrings; path = Localizable.xcstrings; sourceTree = "<group>"; };
		79AD1E192C2490D6009AA05D /* MockData.swift */ = {isa = PBXFileReference; lastKnownFileType = sourcecode.swift; path = MockData.swift; sourceTree = "<group>"; };
		79AD1E1B2C249281009AA05D /* HistoryView.swift */ = {isa = PBXFileReference; lastKnownFileType = sourcecode.swift; path = HistoryView.swift; sourceTree = "<group>"; };
		79ADB5AC2AB9FADF00A39AC0 /* UserDefaultsKeys.swift */ = {isa = PBXFileReference; lastKnownFileType = sourcecode.swift; path = UserDefaultsKeys.swift; sourceTree = "<group>"; };
		79ADB5B02ABA058300A39AC0 /* Card.swift */ = {isa = PBXFileReference; lastKnownFileType = sourcecode.swift; path = Card.swift; sourceTree = "<group>"; };
		79B838792ABDCE4400FAFEFA /* Bold.swift */ = {isa = PBXFileReference; lastKnownFileType = sourcecode.swift; path = Bold.swift; sourceTree = "<group>"; };
		79D5AB082ABB1C410023305B /* PasteParser.swift */ = {isa = PBXFileReference; lastKnownFileType = sourcecode.swift; path = PasteParser.swift; sourceTree = "<group>"; };
		79D5AB0A2ABB1D910023305B /* AppleBooksPasteParser.swift */ = {isa = PBXFileReference; lastKnownFileType = sourcecode.swift; path = AppleBooksPasteParser.swift; sourceTree = "<group>"; };
		79D5AB0C2ABB1EE90023305B /* PasteSource.swift */ = {isa = PBXFileReference; lastKnownFileType = sourcecode.swift; path = PasteSource.swift; sourceTree = "<group>"; };
		79D5AB0E2ABB20110023305B /* CardFont.swift */ = {isa = PBXFileReference; lastKnownFileType = sourcecode.swift; path = CardFont.swift; sourceTree = "<group>"; };
		79D5AB102ABB20B60023305B /* CardStyle.swift */ = {isa = PBXFileReference; lastKnownFileType = sourcecode.swift; path = CardStyle.swift; sourceTree = "<group>"; };
/* End PBXFileReference section */

/* Begin PBXFrameworksBuildPhase section */
		7945699E2AACB3860095DCBA /* Frameworks */ = {
			isa = PBXFrameworksBuildPhase;
			buildActionMask = 2147483647;
			files = (
			);
			runOnlyForDeploymentPostprocessing = 0;
		};
/* End PBXFrameworksBuildPhase section */

/* Begin PBXGroup section */
		794569982AACB3860095DCBA = {
			isa = PBXGroup;
			children = (
				794569A32AACB3860095DCBA /* excerpts */,
				794569A22AACB3860095DCBA /* Products */,
			);
			sourceTree = "<group>";
		};
		794569A22AACB3860095DCBA /* Products */ = {
			isa = PBXGroup;
			children = (
				794569A12AACB3860095DCBA /* excerpts.app */,
			);
			name = Products;
			sourceTree = "<group>";
		};
		794569A32AACB3860095DCBA /* excerpts */ = {
			isa = PBXGroup;
			children = (
				79137B1E2C2487360083823E /* excerpts.entitlements */,
				794A86352AAE2DEC00CE8969 /* Info.plist */,
				794569A42AACB3860095DCBA /* App.swift */,
				79ADB5AC2AB9FADF00A39AC0 /* UserDefaultsKeys.swift */,
				794A862E2AAE1C2000CE8969 /* Models */,
				794569B42AACBBB50095DCBA /* Views */,
				79D5AB072ABB1C020023305B /* PasteSources */,
				798C1AAF2AB5777D00D8BF39 /* Cards */,
				798C1AB22AB5780000D8BF39 /* Utils */,
				794A86312AAE2D6200CE8969 /* Resources */,
				794569A82AACB3870095DCBA /* Assets.xcassets */,
				794569AA2AACB3870095DCBA /* Preview Content */,
			);
			path = excerpts;
			sourceTree = "<group>";
		};
		794569AA2AACB3870095DCBA /* Preview Content */ = {
			isa = PBXGroup;
			children = (
				794569AB2AACB3870095DCBA /* Preview Assets.xcassets */,
			);
			path = "Preview Content";
			sourceTree = "<group>";
		};
		794569B42AACBBB50095DCBA /* Views */ = {
			isa = PBXGroup;
			children = (
				794A86362AAF4B7E00CE8969 /* MainView.swift */,
				792858B02C25E59B0017D102 /* ExcerptView.swift */,
				7988C2D12AB1F9EC00F20252 /* PasteSheetView.swift */,
				7988C2D32AB1FB0100F20252 /* ShareView.swift */,
				79AD1E1B2C249281009AA05D /* HistoryView.swift */,
				792858B42C26C18E0017D102 /* HistoryRow.swift */,
				7988C2D52AB2108F00F20252 /* ColorExt.swift */,
				792858B22C25E5ED0017D102 /* AnimationExt.swift */,
			);
			path = Views;
			sourceTree = "<group>";
		};
		794A862E2AAE1C2000CE8969 /* Models */ = {
			isa = PBXGroup;
			children = (
				79AD1E192C2490D6009AA05D /* MockData.swift */,
				794A862F2AAE1C2F00CE8969 /* Excerpt.swift */,
				79729BBC2AB6D7B000B318F9 /* DemoExcerpts.swift */,
			);
			path = Models;
			sourceTree = "<group>";
		};
		794A86312AAE2D6200CE8969 /* Resources */ = {
			isa = PBXGroup;
			children = (
				7900969B2C0C737D007D2573 /* InfoPlist.xcstrings */,
				7993A3C82AB1ACEF0050EAB3 /* Localizable.xcstrings */,
				794A86322AAE2D6D00CE8969 /* Fonts */,
			);
			path = Resources;
			sourceTree = "<group>";
		};
		794A86322AAE2D6D00CE8969 /* Fonts */ = {
			isa = PBXGroup;
			children = (
				794A86332AAE2D8B00CE8969 /* font_SourceHanSerifSC-Regular.otf */,
				79013EB72AF76AFE00F85D99 /* font_SourceHanSerifSC-Bold.otf */,
			);
			path = Fonts;
			sourceTree = "<group>";
		};
		798C1AAF2AB5777D00D8BF39 /* Cards */ = {
			isa = PBXGroup;
			children = (
				79D5AB102ABB20B60023305B /* CardStyle.swift */,
				79D5AB0E2ABB20110023305B /* CardFont.swift */,
				79ADB5B02ABA058300A39AC0 /* Card.swift */,
				798C1AB02AB577D100D8BF39 /* Classic.swift */,
				79B838792ABDCE4400FAFEFA /* Bold.swift */,
				79013EB52AF767FE00F85D99 /* Minimal.swift */,
			);
			path = Cards;
			sourceTree = "<group>";
		};
		798C1AB22AB5780000D8BF39 /* Utils */ = {
			isa = PBXGroup;
			children = (
				798C1AB32AB5781D00D8BF39 /* Math.swift */,
				7900969D2C0C7424007D2573 /* BundleExt.swift */,
				792858B62C287D630017D102 /* StringExt.swift */,
			);
			path = Utils;
			sourceTree = "<group>";
		};
		79D5AB072ABB1C020023305B /* PasteSources */ = {
			isa = PBXGroup;
			children = (
				79D5AB0C2ABB1EE90023305B /* PasteSource.swift */,
				79D5AB082ABB1C410023305B /* PasteParser.swift */,
				79D5AB0A2ABB1D910023305B /* AppleBooksPasteParser.swift */,
			);
			path = PasteSources;
			sourceTree = "<group>";
		};
/* End PBXGroup section */

/* Begin PBXNativeTarget section */
		794569A02AACB3860095DCBA /* excerpts */ = {
			isa = PBXNativeTarget;
			buildConfigurationList = 794569AF2AACB3870095DCBA /* Build configuration list for PBXNativeTarget "excerpts" */;
			buildPhases = (
				7945699D2AACB3860095DCBA /* Sources */,
				7945699E2AACB3860095DCBA /* Frameworks */,
				7945699F2AACB3860095DCBA /* Resources */,
			);
			buildRules = (
			);
			dependencies = (
			);
			name = excerpts;
			productName = excerpts;
			productReference = 794569A12AACB3860095DCBA /* excerpts.app */;
			productType = "com.apple.product-type.application";
		};
/* End PBXNativeTarget section */

/* Begin PBXProject section */
		794569992AACB3860095DCBA /* Project object */ = {
			isa = PBXProject;
			attributes = {
				BuildIndependentTargetsInParallel = 1;
				LastSwiftUpdateCheck = 1500;
				LastUpgradeCheck = 1540;
				TargetAttributes = {
					794569A02AACB3860095DCBA = {
						CreatedOnToolsVersion = 15.0;
					};
				};
			};
			buildConfigurationList = 7945699C2AACB3860095DCBA /* Build configuration list for PBXProject "excerpts" */;
			compatibilityVersion = "Xcode 15.0";
			developmentRegion = "zh-Hans";
			hasScannedForEncodings = 0;
			knownRegions = (
				en,
				Base,
				"zh-Hans",
			);
			mainGroup = 794569982AACB3860095DCBA;
			productRefGroup = 794569A22AACB3860095DCBA /* Products */;
			projectDirPath = "";
			projectRoot = "";
			targets = (
				794569A02AACB3860095DCBA /* excerpts */,
			);
		};
/* End PBXProject section */

/* Begin PBXResourcesBuildPhase section */
		7945699F2AACB3860095DCBA /* Resources */ = {
			isa = PBXResourcesBuildPhase;
			buildActionMask = 2147483647;
			files = (
				7900969C2C0C737D007D2573 /* InfoPlist.xcstrings in Resources */,
				794569AC2AACB3870095DCBA /* Preview Assets.xcassets in Resources */,
				794569A92AACB3870095DCBA /* Assets.xcassets in Resources */,
				7993A3C92AB1ACEF0050EAB3 /* Localizable.xcstrings in Resources */,
				794A86342AAE2D8B00CE8969 /* font_SourceHanSerifSC-Regular.otf in Resources */,
				79013EB82AF76AFE00F85D99 /* font_SourceHanSerifSC-Bold.otf in Resources */,
			);
			runOnlyForDeploymentPostprocessing = 0;
		};
/* End PBXResourcesBuildPhase section */

/* Begin PBXSourcesBuildPhase section */
		7945699D2AACB3860095DCBA /* Sources */ = {
			isa = PBXSourcesBuildPhase;
			buildActionMask = 2147483647;
			files = (
				7988C2D42AB1FB0100F20252 /* ShareView.swift in Sources */,
				7988C2D62AB2108F00F20252 /* ColorExt.swift in Sources */,
				79ADB5AD2AB9FADF00A39AC0 /* UserDefaultsKeys.swift in Sources */,
				79D5AB0D2ABB1EE90023305B /* PasteSource.swift in Sources */,
				798C1AB42AB5781D00D8BF39 /* Math.swift in Sources */,
				79D5AB112ABB20B60023305B /* CardStyle.swift in Sources */,
				792858B12C25E59B0017D102 /* ExcerptView.swift in Sources */,
				798C1AB12AB577D100D8BF39 /* Classic.swift in Sources */,
				79AD1E1C2C249281009AA05D /* HistoryView.swift in Sources */,
				792858B32C25E5ED0017D102 /* AnimationExt.swift in Sources */,
				794569A52AACB3860095DCBA /* App.swift in Sources */,
				794A86372AAF4B7E00CE8969 /* MainView.swift in Sources */,
				79B8387A2ABDCE4400FAFEFA /* Bold.swift in Sources */,
				79ADB5B12ABA058300A39AC0 /* Card.swift in Sources */,
				79AD1E1A2C2490D6009AA05D /* MockData.swift in Sources */,
				79013EB62AF767FE00F85D99 /* Minimal.swift in Sources */,
				7988C2D22AB1F9EC00F20252 /* PasteSheetView.swift in Sources */,
				79D5AB0F2ABB20110023305B /* CardFont.swift in Sources */,
				79D5AB092ABB1C410023305B /* PasteParser.swift in Sources */,
				792858B72C287D630017D102 /* StringExt.swift in Sources */,
				7900969E2C0C7424007D2573 /* BundleExt.swift in Sources */,
				79D5AB0B2ABB1D910023305B /* AppleBooksPasteParser.swift in Sources */,
				792858B52C26C18E0017D102 /* HistoryRow.swift in Sources */,
				79729BBD2AB6D7B000B318F9 /* DemoExcerpts.swift in Sources */,
				794A86302AAE1C2F00CE8969 /* Excerpt.swift in Sources */,
			);
			runOnlyForDeploymentPostprocessing = 0;
		};
/* End PBXSourcesBuildPhase section */

/* Begin XCBuildConfiguration section */
		794569AD2AACB3870095DCBA /* Debug */ = {
			isa = XCBuildConfiguration;
			buildSettings = {
				ALWAYS_SEARCH_USER_PATHS = NO;
				ASSETCATALOG_COMPILER_GENERATE_SWIFT_ASSET_SYMBOL_EXTENSIONS = YES;
				CLANG_ANALYZER_LOCALIZABILITY_NONLOCALIZED = YES;
				CLANG_ANALYZER_NONNULL = YES;
				CLANG_ANALYZER_NUMBER_OBJECT_CONVERSION = YES_AGGRESSIVE;
				CLANG_CXX_LANGUAGE_STANDARD = "gnu++20";
				CLANG_ENABLE_MODULES = YES;
				CLANG_ENABLE_OBJC_ARC = YES;
				CLANG_ENABLE_OBJC_WEAK = YES;
				CLANG_WARN_BLOCK_CAPTURE_AUTORELEASING = YES;
				CLANG_WARN_BOOL_CONVERSION = YES;
				CLANG_WARN_COMMA = YES;
				CLANG_WARN_CONSTANT_CONVERSION = YES;
				CLANG_WARN_DEPRECATED_OBJC_IMPLEMENTATIONS = YES;
				CLANG_WARN_DIRECT_OBJC_ISA_USAGE = YES_ERROR;
				CLANG_WARN_DOCUMENTATION_COMMENTS = YES;
				CLANG_WARN_EMPTY_BODY = YES;
				CLANG_WARN_ENUM_CONVERSION = YES;
				CLANG_WARN_INFINITE_RECURSION = YES;
				CLANG_WARN_INT_CONVERSION = YES;
				CLANG_WARN_NON_LITERAL_NULL_CONVERSION = YES;
				CLANG_WARN_OBJC_IMPLICIT_RETAIN_SELF = YES;
				CLANG_WARN_OBJC_LITERAL_CONVERSION = YES;
				CLANG_WARN_OBJC_ROOT_CLASS = YES_ERROR;
				CLANG_WARN_QUOTED_INCLUDE_IN_FRAMEWORK_HEADER = YES;
				CLANG_WARN_RANGE_LOOP_ANALYSIS = YES;
				CLANG_WARN_STRICT_PROTOTYPES = YES;
				CLANG_WARN_SUSPICIOUS_MOVE = YES;
				CLANG_WARN_UNGUARDED_AVAILABILITY = YES_AGGRESSIVE;
				CLANG_WARN_UNREACHABLE_CODE = YES;
				CLANG_WARN__DUPLICATE_METHOD_MATCH = YES;
				COPY_PHASE_STRIP = NO;
				DEBUG_INFORMATION_FORMAT = dwarf;
				ENABLE_STRICT_OBJC_MSGSEND = YES;
				ENABLE_TESTABILITY = YES;
				ENABLE_USER_SCRIPT_SANDBOXING = YES;
				GCC_C_LANGUAGE_STANDARD = gnu17;
				GCC_DYNAMIC_NO_PIC = NO;
				GCC_NO_COMMON_BLOCKS = YES;
				GCC_OPTIMIZATION_LEVEL = 0;
				GCC_PREPROCESSOR_DEFINITIONS = (
					"DEBUG=1",
					"$(inherited)",
				);
				GCC_WARN_64_TO_32_BIT_CONVERSION = YES;
				GCC_WARN_ABOUT_RETURN_TYPE = YES_ERROR;
				GCC_WARN_UNDECLARED_SELECTOR = YES;
				GCC_WARN_UNINITIALIZED_AUTOS = YES_AGGRESSIVE;
				GCC_WARN_UNUSED_FUNCTION = YES;
				GCC_WARN_UNUSED_VARIABLE = YES;
				IPHONEOS_DEPLOYMENT_TARGET = 17.0;
				LOCALIZATION_PREFERS_STRING_CATALOGS = YES;
				MTL_ENABLE_DEBUG_INFO = INCLUDE_SOURCE;
				MTL_FAST_MATH = YES;
				ONLY_ACTIVE_ARCH = YES;
				SDKROOT = iphoneos;
				SWIFT_ACTIVE_COMPILATION_CONDITIONS = "DEBUG $(inherited)";
				SWIFT_OPTIMIZATION_LEVEL = "-Onone";
			};
			name = Debug;
		};
		794569AE2AACB3870095DCBA /* Release */ = {
			isa = XCBuildConfiguration;
			buildSettings = {
				ALWAYS_SEARCH_USER_PATHS = NO;
				ASSETCATALOG_COMPILER_GENERATE_SWIFT_ASSET_SYMBOL_EXTENSIONS = YES;
				CLANG_ANALYZER_LOCALIZABILITY_NONLOCALIZED = YES;
				CLANG_ANALYZER_NONNULL = YES;
				CLANG_ANALYZER_NUMBER_OBJECT_CONVERSION = YES_AGGRESSIVE;
				CLANG_CXX_LANGUAGE_STANDARD = "gnu++20";
				CLANG_ENABLE_MODULES = YES;
				CLANG_ENABLE_OBJC_ARC = YES;
				CLANG_ENABLE_OBJC_WEAK = YES;
				CLANG_WARN_BLOCK_CAPTURE_AUTORELEASING = YES;
				CLANG_WARN_BOOL_CONVERSION = YES;
				CLANG_WARN_COMMA = YES;
				CLANG_WARN_CONSTANT_CONVERSION = YES;
				CLANG_WARN_DEPRECATED_OBJC_IMPLEMENTATIONS = YES;
				CLANG_WARN_DIRECT_OBJC_ISA_USAGE = YES_ERROR;
				CLANG_WARN_DOCUMENTATION_COMMENTS = YES;
				CLANG_WARN_EMPTY_BODY = YES;
				CLANG_WARN_ENUM_CONVERSION = YES;
				CLANG_WARN_INFINITE_RECURSION = YES;
				CLANG_WARN_INT_CONVERSION = YES;
				CLANG_WARN_NON_LITERAL_NULL_CONVERSION = YES;
				CLANG_WARN_OBJC_IMPLICIT_RETAIN_SELF = YES;
				CLANG_WARN_OBJC_LITERAL_CONVERSION = YES;
				CLANG_WARN_OBJC_ROOT_CLASS = YES_ERROR;
				CLANG_WARN_QUOTED_INCLUDE_IN_FRAMEWORK_HEADER = YES;
				CLANG_WARN_RANGE_LOOP_ANALYSIS = YES;
				CLANG_WARN_STRICT_PROTOTYPES = YES;
				CLANG_WARN_SUSPICIOUS_MOVE = YES;
				CLANG_WARN_UNGUARDED_AVAILABILITY = YES_AGGRESSIVE;
				CLANG_WARN_UNREACHABLE_CODE = YES;
				CLANG_WARN__DUPLICATE_METHOD_MATCH = YES;
				COPY_PHASE_STRIP = NO;
				DEBUG_INFORMATION_FORMAT = "dwarf-with-dsym";
				ENABLE_NS_ASSERTIONS = NO;
				ENABLE_STRICT_OBJC_MSGSEND = YES;
				ENABLE_USER_SCRIPT_SANDBOXING = YES;
				GCC_C_LANGUAGE_STANDARD = gnu17;
				GCC_NO_COMMON_BLOCKS = YES;
				GCC_WARN_64_TO_32_BIT_CONVERSION = YES;
				GCC_WARN_ABOUT_RETURN_TYPE = YES_ERROR;
				GCC_WARN_UNDECLARED_SELECTOR = YES;
				GCC_WARN_UNINITIALIZED_AUTOS = YES_AGGRESSIVE;
				GCC_WARN_UNUSED_FUNCTION = YES;
				GCC_WARN_UNUSED_VARIABLE = YES;
				IPHONEOS_DEPLOYMENT_TARGET = 17.0;
				LOCALIZATION_PREFERS_STRING_CATALOGS = YES;
				MTL_ENABLE_DEBUG_INFO = NO;
				MTL_FAST_MATH = YES;
				SDKROOT = iphoneos;
				SWIFT_COMPILATION_MODE = wholemodule;
				VALIDATE_PRODUCT = YES;
			};
			name = Release;
		};
		794569B02AACB3870095DCBA /* Debug */ = {
			isa = XCBuildConfiguration;
			buildSettings = {
				ASSETCATALOG_COMPILER_APPICON_NAME = AppIcon;
				ASSETCATALOG_COMPILER_GLOBAL_ACCENT_COLOR_NAME = AccentColor;
				CODE_SIGN_ENTITLEMENTS = excerpts/excerpts.entitlements;
				CODE_SIGN_STYLE = Automatic;
				CURRENT_PROJECT_VERSION = 5;
				DEVELOPMENT_ASSET_PATHS = "\"excerpts/Preview Content\"";
				DEVELOPMENT_TEAM = JA4F747PM8;
				ENABLE_PREVIEWS = YES;
				GENERATE_INFOPLIST_FILE = YES;
				INFOPLIST_FILE = excerpts/Info.plist;
				INFOPLIST_KEY_CFBundleDisplayName = Excerpts;
				INFOPLIST_KEY_UIApplicationSceneManifest_Generation = YES;
				INFOPLIST_KEY_UIApplicationSupportsIndirectInputEvents = YES;
				INFOPLIST_KEY_UILaunchScreen_Generation = YES;
				INFOPLIST_KEY_UISupportedInterfaceOrientations = UIInterfaceOrientationPortrait;
				INFOPLIST_KEY_UISupportedInterfaceOrientations_iPad = "UIInterfaceOrientationLandscapeLeft UIInterfaceOrientationLandscapeRight UIInterfaceOrientationPortrait UIInterfaceOrientationPortraitUpsideDown";
				IPHONEOS_DEPLOYMENT_TARGET = 17.0;
				LD_RUNPATH_SEARCH_PATHS = (
					"$(inherited)",
					"@executable_path/Frameworks",
				);
				MARKETING_VERSION = 1.0;
				PRODUCT_BUNDLE_IDENTIFIER = cc.stdrc.app.excerpts;
				PRODUCT_NAME = "$(TARGET_NAME)";
				SUPPORTED_PLATFORMS = "iphoneos iphonesimulator";
				SUPPORTS_MACCATALYST = NO;
				SWIFT_EMIT_LOC_STRINGS = YES;
				SWIFT_VERSION = 5.0;
				TARGETED_DEVICE_FAMILY = "1,2";
			};
			name = Debug;
		};
		794569B12AACB3870095DCBA /* Release */ = {
			isa = XCBuildConfiguration;
			buildSettings = {
				ASSETCATALOG_COMPILER_APPICON_NAME = AppIcon;
				ASSETCATALOG_COMPILER_GLOBAL_ACCENT_COLOR_NAME = AccentColor;
				CODE_SIGN_ENTITLEMENTS = excerpts/excerpts.entitlements;
				CODE_SIGN_STYLE = Automatic;
				CURRENT_PROJECT_VERSION = 5;
				DEVELOPMENT_ASSET_PATHS = "\"excerpts/Preview Content\"";
				DEVELOPMENT_TEAM = JA4F747PM8;
				ENABLE_PREVIEWS = YES;
				GENERATE_INFOPLIST_FILE = YES;
				INFOPLIST_FILE = excerpts/Info.plist;
				INFOPLIST_KEY_CFBundleDisplayName = Excerpts;
				INFOPLIST_KEY_UIApplicationSceneManifest_Generation = YES;
				INFOPLIST_KEY_UIApplicationSupportsIndirectInputEvents = YES;
				INFOPLIST_KEY_UILaunchScreen_Generation = YES;
				INFOPLIST_KEY_UISupportedInterfaceOrientations = UIInterfaceOrientationPortrait;
				INFOPLIST_KEY_UISupportedInterfaceOrientations_iPad = "UIInterfaceOrientationLandscapeLeft UIInterfaceOrientationLandscapeRight UIInterfaceOrientationPortrait UIInterfaceOrientationPortraitUpsideDown";
				IPHONEOS_DEPLOYMENT_TARGET = 17.0;
				LD_RUNPATH_SEARCH_PATHS = (
					"$(inherited)",
					"@executable_path/Frameworks",
				);
				MARKETING_VERSION = 1.0;
				PRODUCT_BUNDLE_IDENTIFIER = cc.stdrc.app.excerpts;
				PRODUCT_NAME = "$(TARGET_NAME)";
				SUPPORTED_PLATFORMS = "iphoneos iphonesimulator";
				SUPPORTS_MACCATALYST = NO;
				SWIFT_EMIT_LOC_STRINGS = YES;
				SWIFT_VERSION = 5.0;
				TARGETED_DEVICE_FAMILY = "1,2";
			};
			name = Release;
		};
/* End XCBuildConfiguration section */

/* Begin XCConfigurationList section */
		7945699C2AACB3860095DCBA /* Build configuration list for PBXProject "excerpts" */ = {
			isa = XCConfigurationList;
			buildConfigurations = (
				794569AD2AACB3870095DCBA /* Debug */,
				794569AE2AACB3870095DCBA /* Release */,
			);
			defaultConfigurationIsVisible = 0;
			defaultConfigurationName = Release;
		};
		794569AF2AACB3870095DCBA /* Build configuration list for PBXNativeTarget "excerpts" */ = {
			isa = XCConfigurationList;
			buildConfigurations = (
				794569B02AACB3870095DCBA /* Debug */,
				794569B12AACB3870095DCBA /* Release */,
			);
			defaultConfigurationIsVisible = 0;
			defaultConfigurationName = Release;
		};
/* End XCConfigurationList section */
	};
	rootObject = 794569992AACB3860095DCBA /* Project object */;
}
